
Microsoft Visual Studio Solution File, Format Version 12.00
# Visual Studio Version 17
VisualStudioVersion = 17.9.34607.119
MinimumVisualStudioVersion = 10.0.40219.1
Project("{9A19103F-16F7-4668-BE54-9A1E7A4F7556}") = "Chat", "Chat\Chat.csproj", "{7A5A2278-5C6D-4214-AA29-D3EC7952913D}"
EndProject
Project("{9A19103F-16F7-4668-BE54-9A1E7A4F7556}") = "ChatWinForms", "ChatWinForms\ChatWinForms.csproj", "{51B132EA-61AF-40FD-93CE-881A3922A0EA}"
EndProject
Project("{9A19103F-16F7-4668-BE54-9A1E7A4F7556}") = "DocumentQa", "DocumentQa\DocumentQa.csproj", "{78DE9615-409D-428C-A28A-D7A7EF460324}"
EndProject
Project("{9A19103F-16F7-4668-BE54-9A1E7A4F7556}") = "DocumentQaWithStorage", "DocumentQaWithStorage\DocumentQaWithStorage.csproj", "{6BFC5079-676B-43EB-9400-91D56164D72F}"
EndProject
Project("{FAE04EC0-301F-11D3-BF4B-00C04F79EFBC}") = "KernelMemory", "KernelMemory\KernelMemory.csproj", "{571AE03B-1B75-405F-A2EF-8B9B86255FEA}"
EndProject
Global
	GlobalSection(SolutionConfigurationPlatforms) = preSolution
		Debug|Any CPU = Debug|Any CPU
		Release|Any CPU = Release|Any CPU
	EndGlobalSection
	GlobalSection(ProjectConfigurationPlatforms) = postSolution
		{7A5A2278-5C6D-4214-AA29-D3EC7952913D}.Debug|Any CPU.ActiveCfg = Debug|Any CPU
		{7A5A2278-5C6D-4214-AA29-D3EC7952913D}.Debug|Any CPU.Build.0 = Debug|Any CPU
		{7A5A2278-5C6D-4214-AA29-D3EC7952913D}.Release|Any CPU.ActiveCfg = Release|Any CPU
		{7A5A2278-5C6D-4214-AA29-D3EC7952913D}.Release|Any CPU.Build.0 = Release|Any CPU
		{51B132EA-61AF-40FD-93CE-881A3922A0EA}.Debug|Any CPU.ActiveCfg = Debug|Any CPU
		{51B132EA-61AF-40FD-93CE-881A3922A0EA}.Debug|Any CPU.Build.0 = Debug|Any CPU
		{51B132EA-61AF-40FD-93CE-881A3922A0EA}.Release|Any CPU.ActiveCfg = Release|Any CPU
		{51B132EA-61AF-40FD-93CE-881A3922A0EA}.Release|Any CPU.Build.0 = Release|Any CPU
		{78DE9615-409D-428C-A28A-D7A7EF460324}.Debug|Any CPU.ActiveCfg = Debug|Any CPU
		{78DE9615-409D-428C-A28A-D7A7EF460324}.Debug|Any CPU.Build.0 = Debug|Any CPU
		{78DE9615-409D-428C-A28A-D7A7EF460324}.Release|Any CPU.ActiveCfg = Release|Any CPU
		{78DE9615-409D-428C-A28A-D7A7EF460324}.Release|Any CPU.Build.0 = Release|Any CPU
		{6BFC5079-676B-43EB-9400-91D56164D72F}.Debug|Any CPU.ActiveCfg = Debug|Any CPU
		{6BFC5079-676B-43EB-9400-91D56164D72F}.Debug|Any CPU.Build.0 = Debug|Any CPU
		{6BFC5079-676B-43EB-9400-91D56164D72F}.Release|Any CPU.ActiveCfg = Release|Any CPU
		{6BFC5079-676B-43EB-9400-91D56164D72F}.Release|Any CPU.Build.0 = Release|Any CPU
		{571AE03B-1B75-405F-A2EF-8B9B86255FEA}.Debug|Any CPU.ActiveCfg = Debug|Any CPU
		{571AE03B-1B75-405F-A2EF-8B9B86255FEA}.Debug|Any CPU.Build.0 = Debug|Any CPU
		{571AE03B-1B75-405F-A2EF-8B9B86255FEA}.Release|Any CPU.ActiveCfg = Release|Any CPU
		{571AE03B-1B75-405F-A2EF-8B9B86255FEA}.Release|Any CPU.Build.0 = Release|Any CPU
	EndGlobalSection
	GlobalSection(SolutionProperties) = preSolution
		HideSolutionNode = FALSE
	EndGlobalSection
	GlobalSection(ExtensibilityGlobals) = postSolution
		SolutionGuid = {1720FF14-FD52-4F07-ACB6-4CFE8C6BEB96}
	EndGlobalSection
EndGlobal
